
Microsoft Visual Studio Solution File, Format Version 12.00
Project("{2150E333-8FDC-42A3-9474-1A3956D46DE8}") = "building-blocks", "building-blocks", "{90B898BA-8B0D-4FB3-81EF-E4548CD5B62E}"
EndProject
Project("{FAE04EC0-301F-11D3-BF4B-00C04F79EFBC}") = "BuildingBlocks.Domain", "src\building-blocks\BuildingBlocks.Domain\BuildingBlocks.Domain.csproj", "{D17E19CB-6ED0-4391-9D15-EFD930F5109C}"
EndProject
Project("{FAE04EC0-301F-11D3-BF4B-00C04F79EFBC}") = "BuildingBlocks.Application", "src\building-blocks\BuildingBlocks.Application\BuildingBlocks.Application.csproj", "{053634A0-E059-4663-9931-0A28CB4F3831}"
EndProject
Project("{FAE04EC0-301F-11D3-BF4B-00C04F79EFBC}") = "BuildingBlocks.Infrastructure", "src\building-blocks\BuildingBlocks.Infrastructure\BuildingBlocks.Infrastructure.csproj", "{E5C966A1-BA5A-477D-BB63-5C6C6E74E5D2}"
EndProject
Project("{2150E333-8FDC-42A3-9474-1A3956D46DE8}") = "api", "api", "{96673820-3549-44D9-87AD-8E996485AC57}"
EndProject
Project("{FAE04EC0-301F-11D3-BF4B-00C04F79EFBC}") = "Bcommerce.Api", "src\api\Bcommerce.Api\Bcommerce.Api.csproj", "{E30D9932-37D8-462B-8B4D-5EB1BDA5E321}"
EndProject
Project("{2150E333-8FDC-42A3-9474-1A3956D46DE8}") = "users", "users", "{DBF1858F-D3DD-4729-B20E-FA654C36C200}"
EndProject
Project("{FAE04EC0-301F-11D3-BF4B-00C04F79EFBC}") = "Users.Core", "src\modules\users\Users.Core\Users.Core.csproj", "{C144B82A-8EAE-4327-AC0A-C4B4416AD160}"
EndProject
Project("{FAE04EC0-301F-11D3-BF4B-00C04F79EFBC}") = "Users.Infrastructure", "src\modules\users\Users.Infrastructure\Users.Infrastructure.csproj", "{DAC526FE-F0D0-46E6-9346-11B261598B00}"
EndProject
Project("{FAE04EC0-301F-11D3-BF4B-00C04F79EFBC}") = "Users.Contracts", "src\modules\users\Users.Contracts\Users.Contracts.csproj", "{FEE8A3EF-4847-4555-9937-EF54B179747D}"
EndProject
Project("{FAE04EC0-301F-11D3-BF4B-00C04F79EFBC}") = "Users.Presentation", "src\modules\users\Users.Presentation\Users.Presentation.csproj", "{B1C919FD-27A5-4898-A827-E265B8FF1B37}"
EndProject
Project("{2150E333-8FDC-42A3-9474-1A3956D46DE8}") = "cart", "cart", "{DB3C0B7A-27A7-41F7-83A4-C09339973097}"
EndProject
Project("{FAE04EC0-301F-11D3-BF4B-00C04F79EFBC}") = "Cart.Core", "src\modules\cart\Cart.Core\Cart.Core.csproj", "{BF2F2DC6-F79B-4085-BC33-B1AE7A8F007B}"
EndProject
Project("{2150E333-8FDC-42A3-9474-1A3956D46DE8}") = "catalog", "catalog", "{205F9B72-A5E1-4BC4-A82C-80AFE16DEDA8}"
EndProject
Project("{FAE04EC0-301F-11D3-BF4B-00C04F79EFBC}") = "Catalog.Core", "src\modules\catalog\Catalog.Core\Catalog.Core.csproj", "{A6A5AA58-A7D7-4357-9277-3A3768325120}"
EndProject
Project("{FAE04EC0-301F-11D3-BF4B-00C04F79EFBC}") = "Catalog.Infrastructure", "src\modules\catalog\Catalog.Infrastructure\Catalog.Infrastructure.csproj", "{7403D3B4-A947-4D31-9083-8C271A0D33B5}"
EndProject
Project("{FAE04EC0-301F-11D3-BF4B-00C04F79EFBC}") = "Catalog.Presentation", "src\modules\catalog\Catalog.Presentation\Catalog.Presentation.csproj", "{D5DBCDD9-F296-4E8C-8CB0-CBA099ABA615}"
EndProject
Project("{FAE04EC0-301F-11D3-BF4B-00C04F79EFBC}") = "Catalog.Contracts", "src\modules\catalog\Catalog.Contracts\Catalog.Contracts.csproj", "{7605132A-12F8-43F8-A471-4C2B223A7CB8}"
EndProject
Project("{FAE04EC0-301F-11D3-BF4B-00C04F79EFBC}") = "Catalog.Application", "src\modules\catalog\Catalog.Application\Catalog.Application.csproj", "{C19387BC-3E69-4EDF-B6ED-EE392A56596F}"
EndProject
Project("{FAE04EC0-301F-11D3-BF4B-00C04F79EFBC}") = "Users.Application", "src\modules\users\Users.Application\Users.Application.csproj", "{F5D9C712-0AA2-4943-9BFF-73F2CA533BD8}"
EndProject
Project("{FAE04EC0-301F-11D3-BF4B-00C04F79EFBC}") = "Cart.Infrastructure", "src\modules\cart\Cart.Infrastructure\Cart.Infrastructure.csproj", "{C39F76FF-BFD7-419F-BA06-4251D5120F5E}"
EndProject
Project("{2150E333-8FDC-42A3-9474-1A3956D46DE8}") = "src", "src", "{827E0CD3-B72D-47B6-A68D-7590B98EB39B}"
EndProject
Project("{2150E333-8FDC-42A3-9474-1A3956D46DE8}") = "BuildingBlocks", "BuildingBlocks", "{90298CBA-BD6F-3A0A-69D5-97CAD7B05E7E}"
EndProject
Project("{FAE04EC0-301F-11D3-BF4B-00C04F79EFBC}") = "Bcommerce.BuildingBlocks.Domain", "src\BuildingBlocks\Bcommerce.BuildingBlocks.Domain\Bcommerce.BuildingBlocks.Domain.csproj", "{846175A6-F953-4890-B3C0-49A6581147BD}"
EndProject
Project("{FAE04EC0-301F-11D3-BF4B-00C04F79EFBC}") = "Bcommerce.BuildingBlocks.Application", "src\BuildingBlocks\Bcommerce.BuildingBlocks.Application\Bcommerce.BuildingBlocks.Application.csproj", "{ABB76324-1908-46F7-A63B-F97D5ABFB5F3}"
EndProject
Project("{FAE04EC0-301F-11D3-BF4B-00C04F79EFBC}") = "Bcommerce.BuildingBlocks.Infrastructure", "src\BuildingBlocks\Bcommerce.BuildingBlocks.Infrastructure\Bcommerce.BuildingBlocks.Infrastructure.csproj", "{F15E23F5-318E-46C2-B313-C4D5B094A579}"
EndProject
Project("{FAE04EC0-301F-11D3-BF4B-00C04F79EFBC}") = "Bcommerce.BuildingBlocks.Messaging", "src\BuildingBlocks\Bcommerce.BuildingBlocks.Messaging\Bcommerce.BuildingBlocks.Messaging.csproj", "{BFA0DF48-E733-4B91-AE9A-C4BACBF1B738}"
EndProject
Project("{FAE04EC0-301F-11D3-BF4B-00C04F79EFBC}") = "Bcommerce.BuildingBlocks.Web", "src\BuildingBlocks\Bcommerce.BuildingBlocks.Web\Bcommerce.BuildingBlocks.Web.csproj", "{A297CB62-D510-4642-B04C-5AECE0E826DC}"
EndProject
Global
	GlobalSection(SolutionConfigurationPlatforms) = preSolution
		Debug|Any CPU = Debug|Any CPU
		Debug|x64 = Debug|x64
		Debug|x86 = Debug|x86
		Release|Any CPU = Release|Any CPU
		Release|x64 = Release|x64
		Release|x86 = Release|x86
	EndGlobalSection
	GlobalSection(ProjectConfigurationPlatforms) = postSolution
		{D17E19CB-6ED0-4391-9D15-EFD930F5109C}.Debug|Any CPU.ActiveCfg = Debug|Any CPU
		{D17E19CB-6ED0-4391-9D15-EFD930F5109C}.Debug|Any CPU.Build.0 = Debug|Any CPU
		{D17E19CB-6ED0-4391-9D15-EFD930F5109C}.Debug|x64.ActiveCfg = Debug|Any CPU
		{D17E19CB-6ED0-4391-9D15-EFD930F5109C}.Debug|x64.Build.0 = Debug|Any CPU
		{D17E19CB-6ED0-4391-9D15-EFD930F5109C}.Debug|x86.ActiveCfg = Debug|Any CPU
		{D17E19CB-6ED0-4391-9D15-EFD930F5109C}.Debug|x86.Build.0 = Debug|Any CPU
		{D17E19CB-6ED0-4391-9D15-EFD930F5109C}.Release|Any CPU.ActiveCfg = Release|Any CPU
		{D17E19CB-6ED0-4391-9D15-EFD930F5109C}.Release|Any CPU.Build.0 = Release|Any CPU
		{D17E19CB-6ED0-4391-9D15-EFD930F5109C}.Release|x64.ActiveCfg = Release|Any CPU
		{D17E19CB-6ED0-4391-9D15-EFD930F5109C}.Release|x64.Build.0 = Release|Any CPU
		{D17E19CB-6ED0-4391-9D15-EFD930F5109C}.Release|x86.ActiveCfg = Release|Any CPU
		{D17E19CB-6ED0-4391-9D15-EFD930F5109C}.Release|x86.Build.0 = Release|Any CPU
		{053634A0-E059-4663-9931-0A28CB4F3831}.Debug|Any CPU.ActiveCfg = Debug|Any CPU
		{053634A0-E059-4663-9931-0A28CB4F3831}.Debug|Any CPU.Build.0 = Debug|Any CPU
		{053634A0-E059-4663-9931-0A28CB4F3831}.Debug|x64.ActiveCfg = Debug|Any CPU
		{053634A0-E059-4663-9931-0A28CB4F3831}.Debug|x64.Build.0 = Debug|Any CPU
		{053634A0-E059-4663-9931-0A28CB4F3831}.Debug|x86.ActiveCfg = Debug|Any CPU
		{053634A0-E059-4663-9931-0A28CB4F3831}.Debug|x86.Build.0 = Debug|Any CPU
		{053634A0-E059-4663-9931-0A28CB4F3831}.Release|Any CPU.ActiveCfg = Release|Any CPU
		{053634A0-E059-4663-9931-0A28CB4F3831}.Release|Any CPU.Build.0 = Release|Any CPU
		{053634A0-E059-4663-9931-0A28CB4F3831}.Release|x64.ActiveCfg = Release|Any CPU
		{053634A0-E059-4663-9931-0A28CB4F3831}.Release|x64.Build.0 = Release|Any CPU
		{053634A0-E059-4663-9931-0A28CB4F3831}.Release|x86.ActiveCfg = Release|Any CPU
		{053634A0-E059-4663-9931-0A28CB4F3831}.Release|x86.Build.0 = Release|Any CPU
		{E5C966A1-BA5A-477D-BB63-5C6C6E74E5D2}.Debug|Any CPU.ActiveCfg = Debug|Any CPU
		{E5C966A1-BA5A-477D-BB63-5C6C6E74E5D2}.Debug|Any CPU.Build.0 = Debug|Any CPU
		{E5C966A1-BA5A-477D-BB63-5C6C6E74E5D2}.Debug|x64.ActiveCfg = Debug|Any CPU
		{E5C966A1-BA5A-477D-BB63-5C6C6E74E5D2}.Debug|x64.Build.0 = Debug|Any CPU
		{E5C966A1-BA5A-477D-BB63-5C6C6E74E5D2}.Debug|x86.ActiveCfg = Debug|Any CPU
		{E5C966A1-BA5A-477D-BB63-5C6C6E74E5D2}.Debug|x86.Build.0 = Debug|Any CPU
		{E5C966A1-BA5A-477D-BB63-5C6C6E74E5D2}.Release|Any CPU.ActiveCfg = Release|Any CPU
		{E5C966A1-BA5A-477D-BB63-5C6C6E74E5D2}.Release|Any CPU.Build.0 = Release|Any CPU
		{E5C966A1-BA5A-477D-BB63-5C6C6E74E5D2}.Release|x64.ActiveCfg = Release|Any CPU
		{E5C966A1-BA5A-477D-BB63-5C6C6E74E5D2}.Release|x64.Build.0 = Release|Any CPU
		{E5C966A1-BA5A-477D-BB63-5C6C6E74E5D2}.Release|x86.ActiveCfg = Release|Any CPU
		{E5C966A1-BA5A-477D-BB63-5C6C6E74E5D2}.Release|x86.Build.0 = Release|Any CPU
		{E30D9932-37D8-462B-8B4D-5EB1BDA5E321}.Debug|Any CPU.ActiveCfg = Debug|Any CPU
		{E30D9932-37D8-462B-8B4D-5EB1BDA5E321}.Debug|Any CPU.Build.0 = Debug|Any CPU
		{E30D9932-37D8-462B-8B4D-5EB1BDA5E321}.Debug|x64.ActiveCfg = Debug|Any CPU
		{E30D9932-37D8-462B-8B4D-5EB1BDA5E321}.Debug|x64.Build.0 = Debug|Any CPU
		{E30D9932-37D8-462B-8B4D-5EB1BDA5E321}.Debug|x86.ActiveCfg = Debug|Any CPU
		{E30D9932-37D8-462B-8B4D-5EB1BDA5E321}.Debug|x86.Build.0 = Debug|Any CPU
		{E30D9932-37D8-462B-8B4D-5EB1BDA5E321}.Release|Any CPU.ActiveCfg = Release|Any CPU
		{E30D9932-37D8-462B-8B4D-5EB1BDA5E321}.Release|Any CPU.Build.0 = Release|Any CPU
		{E30D9932-37D8-462B-8B4D-5EB1BDA5E321}.Release|x64.ActiveCfg = Release|Any CPU
		{E30D9932-37D8-462B-8B4D-5EB1BDA5E321}.Release|x64.Build.0 = Release|Any CPU
		{E30D9932-37D8-462B-8B4D-5EB1BDA5E321}.Release|x86.ActiveCfg = Release|Any CPU
		{E30D9932-37D8-462B-8B4D-5EB1BDA5E321}.Release|x86.Build.0 = Release|Any CPU
		{C144B82A-8EAE-4327-AC0A-C4B4416AD160}.Debug|Any CPU.ActiveCfg = Debug|Any CPU
		{C144B82A-8EAE-4327-AC0A-C4B4416AD160}.Debug|Any CPU.Build.0 = Debug|Any CPU
		{C144B82A-8EAE-4327-AC0A-C4B4416AD160}.Debug|x64.ActiveCfg = Debug|Any CPU
		{C144B82A-8EAE-4327-AC0A-C4B4416AD160}.Debug|x64.Build.0 = Debug|Any CPU
		{C144B82A-8EAE-4327-AC0A-C4B4416AD160}.Debug|x86.ActiveCfg = Debug|Any CPU
		{C144B82A-8EAE-4327-AC0A-C4B4416AD160}.Debug|x86.Build.0 = Debug|Any CPU
		{C144B82A-8EAE-4327-AC0A-C4B4416AD160}.Release|Any CPU.ActiveCfg = Release|Any CPU
		{C144B82A-8EAE-4327-AC0A-C4B4416AD160}.Release|Any CPU.Build.0 = Release|Any CPU
		{C144B82A-8EAE-4327-AC0A-C4B4416AD160}.Release|x64.ActiveCfg = Release|Any CPU
		{C144B82A-8EAE-4327-AC0A-C4B4416AD160}.Release|x64.Build.0 = Release|Any CPU
		{C144B82A-8EAE-4327-AC0A-C4B4416AD160}.Release|x86.ActiveCfg = Release|Any CPU
		{C144B82A-8EAE-4327-AC0A-C4B4416AD160}.Release|x86.Build.0 = Release|Any CPU
		{DAC526FE-F0D0-46E6-9346-11B261598B00}.Debug|Any CPU.ActiveCfg = Debug|Any CPU
		{DAC526FE-F0D0-46E6-9346-11B261598B00}.Debug|Any CPU.Build.0 = Debug|Any CPU
		{DAC526FE-F0D0-46E6-9346-11B261598B00}.Debug|x64.ActiveCfg = Debug|Any CPU
		{DAC526FE-F0D0-46E6-9346-11B261598B00}.Debug|x64.Build.0 = Debug|Any CPU
		{DAC526FE-F0D0-46E6-9346-11B261598B00}.Debug|x86.ActiveCfg = Debug|Any CPU
		{DAC526FE-F0D0-46E6-9346-11B261598B00}.Debug|x86.Build.0 = Debug|Any CPU
		{DAC526FE-F0D0-46E6-9346-11B261598B00}.Release|Any CPU.ActiveCfg = Release|Any CPU
		{DAC526FE-F0D0-46E6-9346-11B261598B00}.Release|Any CPU.Build.0 = Release|Any CPU
		{DAC526FE-F0D0-46E6-9346-11B261598B00}.Release|x64.ActiveCfg = Release|Any CPU
		{DAC526FE-F0D0-46E6-9346-11B261598B00}.Release|x64.Build.0 = Release|Any CPU
		{DAC526FE-F0D0-46E6-9346-11B261598B00}.Release|x86.ActiveCfg = Release|Any CPU
		{DAC526FE-F0D0-46E6-9346-11B261598B00}.Release|x86.Build.0 = Release|Any CPU
		{FEE8A3EF-4847-4555-9937-EF54B179747D}.Debug|Any CPU.ActiveCfg = Debug|Any CPU
		{FEE8A3EF-4847-4555-9937-EF54B179747D}.Debug|Any CPU.Build.0 = Debug|Any CPU
		{FEE8A3EF-4847-4555-9937-EF54B179747D}.Debug|x64.ActiveCfg = Debug|Any CPU
		{FEE8A3EF-4847-4555-9937-EF54B179747D}.Debug|x64.Build.0 = Debug|Any CPU
		{FEE8A3EF-4847-4555-9937-EF54B179747D}.Debug|x86.ActiveCfg = Debug|Any CPU
		{FEE8A3EF-4847-4555-9937-EF54B179747D}.Debug|x86.Build.0 = Debug|Any CPU
		{FEE8A3EF-4847-4555-9937-EF54B179747D}.Release|Any CPU.ActiveCfg = Release|Any CPU
		{FEE8A3EF-4847-4555-9937-EF54B179747D}.Release|Any CPU.Build.0 = Release|Any CPU
		{FEE8A3EF-4847-4555-9937-EF54B179747D}.Release|x64.ActiveCfg = Release|Any CPU
		{FEE8A3EF-4847-4555-9937-EF54B179747D}.Release|x64.Build.0 = Release|Any CPU
		{FEE8A3EF-4847-4555-9937-EF54B179747D}.Release|x86.ActiveCfg = Release|Any CPU
		{FEE8A3EF-4847-4555-9937-EF54B179747D}.Release|x86.Build.0 = Release|Any CPU
		{B1C919FD-27A5-4898-A827-E265B8FF1B37}.Debug|Any CPU.ActiveCfg = Debug|Any CPU
		{B1C919FD-27A5-4898-A827-E265B8FF1B37}.Debug|Any CPU.Build.0 = Debug|Any CPU
		{B1C919FD-27A5-4898-A827-E265B8FF1B37}.Debug|x64.ActiveCfg = Debug|Any CPU
		{B1C919FD-27A5-4898-A827-E265B8FF1B37}.Debug|x64.Build.0 = Debug|Any CPU
		{B1C919FD-27A5-4898-A827-E265B8FF1B37}.Debug|x86.ActiveCfg = Debug|Any CPU
		{B1C919FD-27A5-4898-A827-E265B8FF1B37}.Debug|x86.Build.0 = Debug|Any CPU
		{B1C919FD-27A5-4898-A827-E265B8FF1B37}.Release|Any CPU.ActiveCfg = Release|Any CPU
		{B1C919FD-27A5-4898-A827-E265B8FF1B37}.Release|Any CPU.Build.0 = Release|Any CPU
		{B1C919FD-27A5-4898-A827-E265B8FF1B37}.Release|x64.ActiveCfg = Release|Any CPU
		{B1C919FD-27A5-4898-A827-E265B8FF1B37}.Release|x64.Build.0 = Release|Any CPU
		{B1C919FD-27A5-4898-A827-E265B8FF1B37}.Release|x86.ActiveCfg = Release|Any CPU
		{B1C919FD-27A5-4898-A827-E265B8FF1B37}.Release|x86.Build.0 = Release|Any CPU
		{BF2F2DC6-F79B-4085-BC33-B1AE7A8F007B}.Debug|Any CPU.ActiveCfg = Debug|Any CPU
		{BF2F2DC6-F79B-4085-BC33-B1AE7A8F007B}.Debug|Any CPU.Build.0 = Debug|Any CPU
		{BF2F2DC6-F79B-4085-BC33-B1AE7A8F007B}.Debug|x64.ActiveCfg = Debug|Any CPU
		{BF2F2DC6-F79B-4085-BC33-B1AE7A8F007B}.Debug|x64.Build.0 = Debug|Any CPU
		{BF2F2DC6-F79B-4085-BC33-B1AE7A8F007B}.Debug|x86.ActiveCfg = Debug|Any CPU
		{BF2F2DC6-F79B-4085-BC33-B1AE7A8F007B}.Debug|x86.Build.0 = Debug|Any CPU
		{BF2F2DC6-F79B-4085-BC33-B1AE7A8F007B}.Release|Any CPU.ActiveCfg = Release|Any CPU
		{BF2F2DC6-F79B-4085-BC33-B1AE7A8F007B}.Release|Any CPU.Build.0 = Release|Any CPU
		{BF2F2DC6-F79B-4085-BC33-B1AE7A8F007B}.Release|x64.ActiveCfg = Release|Any CPU
		{BF2F2DC6-F79B-4085-BC33-B1AE7A8F007B}.Release|x64.Build.0 = Release|Any CPU
		{BF2F2DC6-F79B-4085-BC33-B1AE7A8F007B}.Release|x86.ActiveCfg = Release|Any CPU
		{BF2F2DC6-F79B-4085-BC33-B1AE7A8F007B}.Release|x86.Build.0 = Release|Any CPU
		{A6A5AA58-A7D7-4357-9277-3A3768325120}.Debug|Any CPU.ActiveCfg = Debug|Any CPU
		{A6A5AA58-A7D7-4357-9277-3A3768325120}.Debug|Any CPU.Build.0 = Debug|Any CPU
		{A6A5AA58-A7D7-4357-9277-3A3768325120}.Debug|x64.ActiveCfg = Debug|Any CPU
		{A6A5AA58-A7D7-4357-9277-3A3768325120}.Debug|x64.Build.0 = Debug|Any CPU
		{A6A5AA58-A7D7-4357-9277-3A3768325120}.Debug|x86.ActiveCfg = Debug|Any CPU
		{A6A5AA58-A7D7-4357-9277-3A3768325120}.Debug|x86.Build.0 = Debug|Any CPU
		{A6A5AA58-A7D7-4357-9277-3A3768325120}.Release|Any CPU.ActiveCfg = Release|Any CPU
		{A6A5AA58-A7D7-4357-9277-3A3768325120}.Release|Any CPU.Build.0 = Release|Any CPU
		{A6A5AA58-A7D7-4357-9277-3A3768325120}.Release|x64.ActiveCfg = Release|Any CPU
		{A6A5AA58-A7D7-4357-9277-3A3768325120}.Release|x64.Build.0 = Release|Any CPU
		{A6A5AA58-A7D7-4357-9277-3A3768325120}.Release|x86.ActiveCfg = Release|Any CPU
		{A6A5AA58-A7D7-4357-9277-3A3768325120}.Release|x86.Build.0 = Release|Any CPU
		{7403D3B4-A947-4D31-9083-8C271A0D33B5}.Debug|Any CPU.ActiveCfg = Debug|Any CPU
		{7403D3B4-A947-4D31-9083-8C271A0D33B5}.Debug|Any CPU.Build.0 = Debug|Any CPU
		{7403D3B4-A947-4D31-9083-8C271A0D33B5}.Debug|x64.ActiveCfg = Debug|Any CPU
		{7403D3B4-A947-4D31-9083-8C271A0D33B5}.Debug|x64.Build.0 = Debug|Any CPU
		{7403D3B4-A947-4D31-9083-8C271A0D33B5}.Debug|x86.ActiveCfg = Debug|Any CPU
		{7403D3B4-A947-4D31-9083-8C271A0D33B5}.Debug|x86.Build.0 = Debug|Any CPU
		{7403D3B4-A947-4D31-9083-8C271A0D33B5}.Release|Any CPU.ActiveCfg = Release|Any CPU
		{7403D3B4-A947-4D31-9083-8C271A0D33B5}.Release|Any CPU.Build.0 = Release|Any CPU
		{7403D3B4-A947-4D31-9083-8C271A0D33B5}.Release|x64.ActiveCfg = Release|Any CPU
		{7403D3B4-A947-4D31-9083-8C271A0D33B5}.Release|x64.Build.0 = Release|Any CPU
		{7403D3B4-A947-4D31-9083-8C271A0D33B5}.Release|x86.ActiveCfg = Release|Any CPU
		{7403D3B4-A947-4D31-9083-8C271A0D33B5}.Release|x86.Build.0 = Release|Any CPU
		{D5DBCDD9-F296-4E8C-8CB0-CBA099ABA615}.Debug|Any CPU.ActiveCfg = Debug|Any CPU
		{D5DBCDD9-F296-4E8C-8CB0-CBA099ABA615}.Debug|Any CPU.Build.0 = Debug|Any CPU
		{D5DBCDD9-F296-4E8C-8CB0-CBA099ABA615}.Debug|x64.ActiveCfg = Debug|Any CPU
		{D5DBCDD9-F296-4E8C-8CB0-CBA099ABA615}.Debug|x64.Build.0 = Debug|Any CPU
		{D5DBCDD9-F296-4E8C-8CB0-CBA099ABA615}.Debug|x86.ActiveCfg = Debug|Any CPU
		{D5DBCDD9-F296-4E8C-8CB0-CBA099ABA615}.Debug|x86.Build.0 = Debug|Any CPU
		{D5DBCDD9-F296-4E8C-8CB0-CBA099ABA615}.Release|Any CPU.ActiveCfg = Release|Any CPU
		{D5DBCDD9-F296-4E8C-8CB0-CBA099ABA615}.Release|Any CPU.Build.0 = Release|Any CPU
		{D5DBCDD9-F296-4E8C-8CB0-CBA099ABA615}.Release|x64.ActiveCfg = Release|Any CPU
		{D5DBCDD9-F296-4E8C-8CB0-CBA099ABA615}.Release|x64.Build.0 = Release|Any CPU
		{D5DBCDD9-F296-4E8C-8CB0-CBA099ABA615}.Release|x86.ActiveCfg = Release|Any CPU
		{D5DBCDD9-F296-4E8C-8CB0-CBA099ABA615}.Release|x86.Build.0 = Release|Any CPU
		{7605132A-12F8-43F8-A471-4C2B223A7CB8}.Debug|Any CPU.ActiveCfg = Debug|Any CPU
		{7605132A-12F8-43F8-A471-4C2B223A7CB8}.Debug|Any CPU.Build.0 = Debug|Any CPU
		{7605132A-12F8-43F8-A471-4C2B223A7CB8}.Debug|x64.ActiveCfg = Debug|Any CPU
		{7605132A-12F8-43F8-A471-4C2B223A7CB8}.Debug|x64.Build.0 = Debug|Any CPU
		{7605132A-12F8-43F8-A471-4C2B223A7CB8}.Debug|x86.ActiveCfg = Debug|Any CPU
		{7605132A-12F8-43F8-A471-4C2B223A7CB8}.Debug|x86.Build.0 = Debug|Any CPU
		{7605132A-12F8-43F8-A471-4C2B223A7CB8}.Release|Any CPU.ActiveCfg = Release|Any CPU
		{7605132A-12F8-43F8-A471-4C2B223A7CB8}.Release|Any CPU.Build.0 = Release|Any CPU
		{7605132A-12F8-43F8-A471-4C2B223A7CB8}.Release|x64.ActiveCfg = Release|Any CPU
		{7605132A-12F8-43F8-A471-4C2B223A7CB8}.Release|x64.Build.0 = Release|Any CPU
		{7605132A-12F8-43F8-A471-4C2B223A7CB8}.Release|x86.ActiveCfg = Release|Any CPU
		{7605132A-12F8-43F8-A471-4C2B223A7CB8}.Release|x86.Build.0 = Release|Any CPU
		{C19387BC-3E69-4EDF-B6ED-EE392A56596F}.Debug|Any CPU.ActiveCfg = Debug|Any CPU
		{C19387BC-3E69-4EDF-B6ED-EE392A56596F}.Debug|Any CPU.Build.0 = Debug|Any CPU
		{C19387BC-3E69-4EDF-B6ED-EE392A56596F}.Debug|x64.ActiveCfg = Debug|Any CPU
		{C19387BC-3E69-4EDF-B6ED-EE392A56596F}.Debug|x64.Build.0 = Debug|Any CPU
		{C19387BC-3E69-4EDF-B6ED-EE392A56596F}.Debug|x86.ActiveCfg = Debug|Any CPU
		{C19387BC-3E69-4EDF-B6ED-EE392A56596F}.Debug|x86.Build.0 = Debug|Any CPU
		{C19387BC-3E69-4EDF-B6ED-EE392A56596F}.Release|Any CPU.ActiveCfg = Release|Any CPU
		{C19387BC-3E69-4EDF-B6ED-EE392A56596F}.Release|Any CPU.Build.0 = Release|Any CPU
		{C19387BC-3E69-4EDF-B6ED-EE392A56596F}.Release|x64.ActiveCfg = Release|Any CPU
		{C19387BC-3E69-4EDF-B6ED-EE392A56596F}.Release|x64.Build.0 = Release|Any CPU
		{C19387BC-3E69-4EDF-B6ED-EE392A56596F}.Release|x86.ActiveCfg = Release|Any CPU
		{C19387BC-3E69-4EDF-B6ED-EE392A56596F}.Release|x86.Build.0 = Release|Any CPU
		{F5D9C712-0AA2-4943-9BFF-73F2CA533BD8}.Debug|Any CPU.ActiveCfg = Debug|Any CPU
		{F5D9C712-0AA2-4943-9BFF-73F2CA533BD8}.Debug|Any CPU.Build.0 = Debug|Any CPU
		{F5D9C712-0AA2-4943-9BFF-73F2CA533BD8}.Debug|x64.ActiveCfg = Debug|Any CPU
		{F5D9C712-0AA2-4943-9BFF-73F2CA533BD8}.Debug|x64.Build.0 = Debug|Any CPU
		{F5D9C712-0AA2-4943-9BFF-73F2CA533BD8}.Debug|x86.ActiveCfg = Debug|Any CPU
		{F5D9C712-0AA2-4943-9BFF-73F2CA533BD8}.Debug|x86.Build.0 = Debug|Any CPU
		{F5D9C712-0AA2-4943-9BFF-73F2CA533BD8}.Release|Any CPU.ActiveCfg = Release|Any CPU
		{F5D9C712-0AA2-4943-9BFF-73F2CA533BD8}.Release|Any CPU.Build.0 = Release|Any CPU
		{F5D9C712-0AA2-4943-9BFF-73F2CA533BD8}.Release|x64.ActiveCfg = Release|Any CPU
		{F5D9C712-0AA2-4943-9BFF-73F2CA533BD8}.Release|x64.Build.0 = Release|Any CPU
		{F5D9C712-0AA2-4943-9BFF-73F2CA533BD8}.Release|x86.ActiveCfg = Release|Any CPU
		{F5D9C712-0AA2-4943-9BFF-73F2CA533BD8}.Release|x86.Build.0 = Release|Any CPU
		{C39F76FF-BFD7-419F-BA06-4251D5120F5E}.Debug|Any CPU.ActiveCfg = Debug|Any CPU
		{C39F76FF-BFD7-419F-BA06-4251D5120F5E}.Debug|Any CPU.Build.0 = Debug|Any CPU
		{C39F76FF-BFD7-419F-BA06-4251D5120F5E}.Debug|x64.ActiveCfg = Debug|Any CPU
		{C39F76FF-BFD7-419F-BA06-4251D5120F5E}.Debug|x64.Build.0 = Debug|Any CPU
		{C39F76FF-BFD7-419F-BA06-4251D5120F5E}.Debug|x86.ActiveCfg = Debug|Any CPU
		{C39F76FF-BFD7-419F-BA06-4251D5120F5E}.Debug|x86.Build.0 = Debug|Any CPU
		{C39F76FF-BFD7-419F-BA06-4251D5120F5E}.Release|Any CPU.ActiveCfg = Release|Any CPU
		{C39F76FF-BFD7-419F-BA06-4251D5120F5E}.Release|Any CPU.Build.0 = Release|Any CPU
		{C39F76FF-BFD7-419F-BA06-4251D5120F5E}.Release|x64.ActiveCfg = Release|Any CPU
		{C39F76FF-BFD7-419F-BA06-4251D5120F5E}.Release|x64.Build.0 = Release|Any CPU
		{C39F76FF-BFD7-419F-BA06-4251D5120F5E}.Release|x86.ActiveCfg = Release|Any CPU
		{C39F76FF-BFD7-419F-BA06-4251D5120F5E}.Release|x86.Build.0 = Release|Any CPU
		{846175A6-F953-4890-B3C0-49A6581147BD}.Debug|Any CPU.ActiveCfg = Debug|Any CPU
		{846175A6-F953-4890-B3C0-49A6581147BD}.Debug|Any CPU.Build.0 = Debug|Any CPU
		{846175A6-F953-4890-B3C0-49A6581147BD}.Debug|x64.ActiveCfg = Debug|Any CPU
		{846175A6-F953-4890-B3C0-49A6581147BD}.Debug|x64.Build.0 = Debug|Any CPU
		{846175A6-F953-4890-B3C0-49A6581147BD}.Debug|x86.ActiveCfg = Debug|Any CPU
		{846175A6-F953-4890-B3C0-49A6581147BD}.Debug|x86.Build.0 = Debug|Any CPU
		{846175A6-F953-4890-B3C0-49A6581147BD}.Release|Any CPU.ActiveCfg = Release|Any CPU
		{846175A6-F953-4890-B3C0-49A6581147BD}.Release|Any CPU.Build.0 = Release|Any CPU
		{846175A6-F953-4890-B3C0-49A6581147BD}.Release|x64.ActiveCfg = Release|Any CPU
		{846175A6-F953-4890-B3C0-49A6581147BD}.Release|x64.Build.0 = Release|Any CPU
		{846175A6-F953-4890-B3C0-49A6581147BD}.Release|x86.ActiveCfg = Release|Any CPU
		{846175A6-F953-4890-B3C0-49A6581147BD}.Release|x86.Build.0 = Release|Any CPU
		{ABB76324-1908-46F7-A63B-F97D5ABFB5F3}.Debug|Any CPU.ActiveCfg = Debug|Any CPU
		{ABB76324-1908-46F7-A63B-F97D5ABFB5F3}.Debug|Any CPU.Build.0 = Debug|Any CPU
		{ABB76324-1908-46F7-A63B-F97D5ABFB5F3}.Debug|x64.ActiveCfg = Debug|Any CPU
		{ABB76324-1908-46F7-A63B-F97D5ABFB5F3}.Debug|x64.Build.0 = Debug|Any CPU
		{ABB76324-1908-46F7-A63B-F97D5ABFB5F3}.Debug|x86.ActiveCfg = Debug|Any CPU
		{ABB76324-1908-46F7-A63B-F97D5ABFB5F3}.Debug|x86.Build.0 = Debug|Any CPU
		{ABB76324-1908-46F7-A63B-F97D5ABFB5F3}.Release|Any CPU.ActiveCfg = Release|Any CPU
		{ABB76324-1908-46F7-A63B-F97D5ABFB5F3}.Release|Any CPU.Build.0 = Release|Any CPU
		{ABB76324-1908-46F7-A63B-F97D5ABFB5F3}.Release|x64.ActiveCfg = Release|Any CPU
		{ABB76324-1908-46F7-A63B-F97D5ABFB5F3}.Release|x64.Build.0 = Release|Any CPU
		{ABB76324-1908-46F7-A63B-F97D5ABFB5F3}.Release|x86.ActiveCfg = Release|Any CPU
		{ABB76324-1908-46F7-A63B-F97D5ABFB5F3}.Release|x86.Build.0 = Release|Any CPU
		{F15E23F5-318E-46C2-B313-C4D5B094A579}.Debug|Any CPU.ActiveCfg = Debug|Any CPU
		{F15E23F5-318E-46C2-B313-C4D5B094A579}.Debug|Any CPU.Build.0 = Debug|Any CPU
		{F15E23F5-318E-46C2-B313-C4D5B094A579}.Debug|x64.ActiveCfg = Debug|Any CPU
		{F15E23F5-318E-46C2-B313-C4D5B094A579}.Debug|x64.Build.0 = Debug|Any CPU
		{F15E23F5-318E-46C2-B313-C4D5B094A579}.Debug|x86.ActiveCfg = Debug|Any CPU
		{F15E23F5-318E-46C2-B313-C4D5B094A579}.Debug|x86.Build.0 = Debug|Any CPU
		{F15E23F5-318E-46C2-B313-C4D5B094A579}.Release|Any CPU.ActiveCfg = Release|Any CPU
		{F15E23F5-318E-46C2-B313-C4D5B094A579}.Release|Any CPU.Build.0 = Release|Any CPU
		{F15E23F5-318E-46C2-B313-C4D5B094A579}.Release|x64.ActiveCfg = Release|Any CPU
		{F15E23F5-318E-46C2-B313-C4D5B094A579}.Release|x64.Build.0 = Release|Any CPU
		{F15E23F5-318E-46C2-B313-C4D5B094A579}.Release|x86.ActiveCfg = Release|Any CPU
		{F15E23F5-318E-46C2-B313-C4D5B094A579}.Release|x86.Build.0 = Release|Any CPU
		{BFA0DF48-E733-4B91-AE9A-C4BACBF1B738}.Debug|Any CPU.ActiveCfg = Debug|Any CPU
		{BFA0DF48-E733-4B91-AE9A-C4BACBF1B738}.Debug|Any CPU.Build.0 = Debug|Any CPU
		{BFA0DF48-E733-4B91-AE9A-C4BACBF1B738}.Debug|x64.ActiveCfg = Debug|Any CPU
		{BFA0DF48-E733-4B91-AE9A-C4BACBF1B738}.Debug|x64.Build.0 = Debug|Any CPU
		{BFA0DF48-E733-4B91-AE9A-C4BACBF1B738}.Debug|x86.ActiveCfg = Debug|Any CPU
		{BFA0DF48-E733-4B91-AE9A-C4BACBF1B738}.Debug|x86.Build.0 = Debug|Any CPU
		{BFA0DF48-E733-4B91-AE9A-C4BACBF1B738}.Release|Any CPU.ActiveCfg = Release|Any CPU
		{BFA0DF48-E733-4B91-AE9A-C4BACBF1B738}.Release|Any CPU.Build.0 = Release|Any CPU
		{BFA0DF48-E733-4B91-AE9A-C4BACBF1B738}.Release|x64.ActiveCfg = Release|Any CPU
		{BFA0DF48-E733-4B91-AE9A-C4BACBF1B738}.Release|x64.Build.0 = Release|Any CPU
		{BFA0DF48-E733-4B91-AE9A-C4BACBF1B738}.Release|x86.ActiveCfg = Release|Any CPU
		{BFA0DF48-E733-4B91-AE9A-C4BACBF1B738}.Release|x86.Build.0 = Release|Any CPU
		{A297CB62-D510-4642-B04C-5AECE0E826DC}.Debug|Any CPU.ActiveCfg = Debug|Any CPU
		{A297CB62-D510-4642-B04C-5AECE0E826DC}.Debug|Any CPU.Build.0 = Debug|Any CPU
		{A297CB62-D510-4642-B04C-5AECE0E826DC}.Debug|x64.ActiveCfg = Debug|Any CPU
		{A297CB62-D510-4642-B04C-5AECE0E826DC}.Debug|x64.Build.0 = Debug|Any CPU
		{A297CB62-D510-4642-B04C-5AECE0E826DC}.Debug|x86.ActiveCfg = Debug|Any CPU
		{A297CB62-D510-4642-B04C-5AECE0E826DC}.Debug|x86.Build.0 = Debug|Any CPU
		{A297CB62-D510-4642-B04C-5AECE0E826DC}.Release|Any CPU.ActiveCfg = Release|Any CPU
		{A297CB62-D510-4642-B04C-5AECE0E826DC}.Release|Any CPU.Build.0 = Release|Any CPU
		{A297CB62-D510-4642-B04C-5AECE0E826DC}.Release|x64.ActiveCfg = Release|Any CPU
		{A297CB62-D510-4642-B04C-5AECE0E826DC}.Release|x64.Build.0 = Release|Any CPU
		{A297CB62-D510-4642-B04C-5AECE0E826DC}.Release|x86.ActiveCfg = Release|Any CPU
		{A297CB62-D510-4642-B04C-5AECE0E826DC}.Release|x86.Build.0 = Release|Any CPU
	EndGlobalSection
	GlobalSection(SolutionProperties) = preSolution
		HideSolutionNode = FALSE
	EndGlobalSection
	GlobalSection(NestedProjects) = preSolution
		{D17E19CB-6ED0-4391-9D15-EFD930F5109C} = {90B898BA-8B0D-4FB3-81EF-E4548CD5B62E}
		{053634A0-E059-4663-9931-0A28CB4F3831} = {90B898BA-8B0D-4FB3-81EF-E4548CD5B62E}
		{E5C966A1-BA5A-477D-BB63-5C6C6E74E5D2} = {90B898BA-8B0D-4FB3-81EF-E4548CD5B62E}
		{E30D9932-37D8-462B-8B4D-5EB1BDA5E321} = {96673820-3549-44D9-87AD-8E996485AC57}
		{C144B82A-8EAE-4327-AC0A-C4B4416AD160} = {DBF1858F-D3DD-4729-B20E-FA654C36C200}
		{DAC526FE-F0D0-46E6-9346-11B261598B00} = {DBF1858F-D3DD-4729-B20E-FA654C36C200}
		{FEE8A3EF-4847-4555-9937-EF54B179747D} = {DBF1858F-D3DD-4729-B20E-FA654C36C200}
		{B1C919FD-27A5-4898-A827-E265B8FF1B37} = {DBF1858F-D3DD-4729-B20E-FA654C36C200}
		{BF2F2DC6-F79B-4085-BC33-B1AE7A8F007B} = {DB3C0B7A-27A7-41F7-83A4-C09339973097}
		{A6A5AA58-A7D7-4357-9277-3A3768325120} = {205F9B72-A5E1-4BC4-A82C-80AFE16DEDA8}
		{7403D3B4-A947-4D31-9083-8C271A0D33B5} = {205F9B72-A5E1-4BC4-A82C-80AFE16DEDA8}
		{D5DBCDD9-F296-4E8C-8CB0-CBA099ABA615} = {205F9B72-A5E1-4BC4-A82C-80AFE16DEDA8}
		{7605132A-12F8-43F8-A471-4C2B223A7CB8} = {205F9B72-A5E1-4BC4-A82C-80AFE16DEDA8}
		{C19387BC-3E69-4EDF-B6ED-EE392A56596F} = {205F9B72-A5E1-4BC4-A82C-80AFE16DEDA8}
		{F5D9C712-0AA2-4943-9BFF-73F2CA533BD8} = {DBF1858F-D3DD-4729-B20E-FA654C36C200}
		{C39F76FF-BFD7-419F-BA06-4251D5120F5E} = {DB3C0B7A-27A7-41F7-83A4-C09339973097}
		{90298CBA-BD6F-3A0A-69D5-97CAD7B05E7E} = {827E0CD3-B72D-47B6-A68D-7590B98EB39B}
		{846175A6-F953-4890-B3C0-49A6581147BD} = {90298CBA-BD6F-3A0A-69D5-97CAD7B05E7E}
		{ABB76324-1908-46F7-A63B-F97D5ABFB5F3} = {90298CBA-BD6F-3A0A-69D5-97CAD7B05E7E}
		{F15E23F5-318E-46C2-B313-C4D5B094A579} = {90298CBA-BD6F-3A0A-69D5-97CAD7B05E7E}
		{BFA0DF48-E733-4B91-AE9A-C4BACBF1B738} = {90298CBA-BD6F-3A0A-69D5-97CAD7B05E7E}
		{A297CB62-D510-4642-B04C-5AECE0E826DC} = {90298CBA-BD6F-3A0A-69D5-97CAD7B05E7E}
	EndGlobalSection
EndGlobal
